
Microsoft Visual Studio Solution File, Format Version 12.00
# Visual Studio Version 16
VisualStudioVersion = 16.0.31105.61
MinimumVisualStudioVersion = 10.0.40219.1
Project("{9A19103F-16F7-4668-BE54-9A1E7A4F7556}") = "RPG Battle Engine", "RPG Battle Engine\RPG Battle Engine.csproj", "{299D9D02-26CC-4082-954B-F3D03B787D5E}"
EndProject
Global
	GlobalSection(SolutionConfigurationPlatforms) = preSolution
		Debug|Any CPU = Debug|Any CPU
		Release|Any CPU = Release|Any CPU
	EndGlobalSection
	GlobalSection(ProjectConfigurationPlatforms) = postSolution
		{299D9D02-26CC-4082-954B-F3D03B787D5E}.Debug|Any CPU.ActiveCfg = Debug|Any CPU
		{299D9D02-26CC-4082-954B-F3D03B787D5E}.Debug|Any CPU.Build.0 = Debug|Any CPU
		{299D9D02-26CC-4082-954B-F3D03B787D5E}.Release|Any CPU.ActiveCfg = Release|Any CPU
		{299D9D02-26CC-4082-954B-F3D03B787D5E}.Release|Any CPU.Build.0 = Release|Any CPU
	EndGlobalSection
	GlobalSection(SolutionProperties) = preSolution
		HideSolutionNode = FALSE
	EndGlobalSection
	GlobalSection(ExtensibilityGlobals) = postSolution
		SolutionGuid = {A3B2B300-E288-4781-86C2-B963F3E3E079}
	EndGlobalSection
EndGlobal
